
Microsoft Visual Studio Solution File, Format Version 12.00
# Visual Studio 2012
Project("{FAE04EC0-301F-11D3-BF4B-00C04F79EFBC}") = "MovieTickets", "MovieTickets\MovieTickets.csproj", "{D7C6D737-92D8-4A9C-B887-6C78875223C2}"
EndProject
Project("{FAE04EC0-301F-11D3-BF4B-00C04F79EFBC}") = "MovieTickets.DAL", "MovieTickets.DAL\MovieTickets.DAL.csproj", "{6BC172FD-A845-443C-AFA8-3C361BE900FD}"
EndProject
Project("{FAE04EC0-301F-11D3-BF4B-00C04F79EFBC}") = "MovieTickets.BLL", "MovieTickets.BLL\MovieTickets.BLL.csproj", "{6D70B2BA-A612-48A0-BE29-5024C0EB9987}"
EndProject
Project("{FAE04EC0-301F-11D3-BF4B-00C04F79EFBC}") = "MovieTickets.Entities", "MovieTickets.Entities\MovieTickets.Entities.csproj", "{86F48786-823D-4F7F-B621-FDE8D915A208}"
EndProject
Project("{FAE04EC0-301F-11D3-BF4B-00C04F79EFBC}") = "MovieTickets.IBLL", "MovieTickets.IBLL\MovieTickets.IBLL.csproj", "{77A8969D-9ADB-4D2A-83B0-B2EA9C74478A}"
EndProject
Project("{FAE04EC0-301F-11D3-BF4B-00C04F79EFBC}") = "MovieTickets.IDAL", "MovieTickets.IDAL\MovieTickets.IDAL.csproj", "{C40DD980-E074-414A-90D5-42137430CEAC}"
EndProject
Project("{FAE04EC0-301F-11D3-BF4B-00C04F79EFBC}") = "MovieTickets.Dependency", "MovieTickets.Dependency\MovieTickets.Dependency.csproj", "{FD365867-AA58-46BB-9397-1CB142EE1FF1}"
EndProject
Project("{2150E333-8FDC-42A3-9474-1A3956D46DE8}") = ".nuget", ".nuget", "{FCA6253D-6122-4D94-857F-67F7EE27DBD5}"
	ProjectSection(SolutionItems) = preProject
		.nuget\NuGet.Config = .nuget\NuGet.Config
		.nuget\NuGet.exe = .nuget\NuGet.exe
		.nuget\NuGet.targets = .nuget\NuGet.targets
	EndProjectSection
EndProject
Global
	GlobalSection(SolutionConfigurationPlatforms) = preSolution
		Debug|Any CPU = Debug|Any CPU
		Release|Any CPU = Release|Any CPU
	EndGlobalSection
	GlobalSection(ProjectConfigurationPlatforms) = postSolution
		{D7C6D737-92D8-4A9C-B887-6C78875223C2}.Debug|Any CPU.ActiveCfg = Debug|Any CPU
		{D7C6D737-92D8-4A9C-B887-6C78875223C2}.Debug|Any CPU.Build.0 = Debug|Any CPU
		{D7C6D737-92D8-4A9C-B887-6C78875223C2}.Release|Any CPU.ActiveCfg = Release|Any CPU
		{D7C6D737-92D8-4A9C-B887-6C78875223C2}.Release|Any CPU.Build.0 = Release|Any CPU
		{6BC172FD-A845-443C-AFA8-3C361BE900FD}.Debug|Any CPU.ActiveCfg = Debug|Any CPU
		{6BC172FD-A845-443C-AFA8-3C361BE900FD}.Debug|Any CPU.Build.0 = Debug|Any CPU
		{6BC172FD-A845-443C-AFA8-3C361BE900FD}.Release|Any CPU.ActiveCfg = Release|Any CPU
		{6BC172FD-A845-443C-AFA8-3C361BE900FD}.Release|Any CPU.Build.0 = Release|Any CPU
		{6D70B2BA-A612-48A0-BE29-5024C0EB9987}.Debug|Any CPU.ActiveCfg = Debug|Any CPU
		{6D70B2BA-A612-48A0-BE29-5024C0EB9987}.Debug|Any CPU.Build.0 = Debug|Any CPU
		{6D70B2BA-A612-48A0-BE29-5024C0EB9987}.Release|Any CPU.ActiveCfg = Release|Any CPU
		{6D70B2BA-A612-48A0-BE29-5024C0EB9987}.Release|Any CPU.Build.0 = Release|Any CPU
		{86F48786-823D-4F7F-B621-FDE8D915A208}.Debug|Any CPU.ActiveCfg = Debug|Any CPU
		{86F48786-823D-4F7F-B621-FDE8D915A208}.Debug|Any CPU.Build.0 = Debug|Any CPU
		{86F48786-823D-4F7F-B621-FDE8D915A208}.Release|Any CPU.ActiveCfg = Release|Any CPU
		{86F48786-823D-4F7F-B621-FDE8D915A208}.Release|Any CPU.Build.0 = Release|Any CPU
		{77A8969D-9ADB-4D2A-83B0-B2EA9C74478A}.Debug|Any CPU.ActiveCfg = Debug|Any CPU
		{77A8969D-9ADB-4D2A-83B0-B2EA9C74478A}.Debug|Any CPU.Build.0 = Debug|Any CPU
		{77A8969D-9ADB-4D2A-83B0-B2EA9C74478A}.Release|Any CPU.ActiveCfg = Release|Any CPU
		{77A8969D-9ADB-4D2A-83B0-B2EA9C74478A}.Release|Any CPU.Build.0 = Release|Any CPU
		{C40DD980-E074-414A-90D5-42137430CEAC}.Debug|Any CPU.ActiveCfg = Debug|Any CPU
		{C40DD980-E074-414A-90D5-42137430CEAC}.Debug|Any CPU.Build.0 = Debug|Any CPU
		{C40DD980-E074-414A-90D5-42137430CEAC}.Release|Any CPU.ActiveCfg = Release|Any CPU
		{C40DD980-E074-414A-90D5-42137430CEAC}.Release|Any CPU.Build.0 = Release|Any CPU
		{FD365867-AA58-46BB-9397-1CB142EE1FF1}.Debug|Any CPU.ActiveCfg = Debug|Any CPU
		{FD365867-AA58-46BB-9397-1CB142EE1FF1}.Debug|Any CPU.Build.0 = Debug|Any CPU
		{FD365867-AA58-46BB-9397-1CB142EE1FF1}.Release|Any CPU.ActiveCfg = Release|Any CPU
		{FD365867-AA58-46BB-9397-1CB142EE1FF1}.Release|Any CPU.Build.0 = Release|Any CPU
	EndGlobalSection
	GlobalSection(SolutionProperties) = preSolution
		HideSolutionNode = FALSE
	EndGlobalSection
EndGlobal
